
Microsoft Visual Studio Solution File, Format Version 12.00
# Visual Studio Version 17
VisualStudioVersion = 17.5.002.0
MinimumVisualStudioVersion = 10.0.40219.1
Project("{9A19103F-16F7-4668-BE54-9A1E7A4F7556}") = "SalonCruella", "SalonCruella.csproj", "{6A542117-C1A8-43AD-93E2-5DD42B426C8C}"
EndProject
Global
	GlobalSection(SolutionConfigurationPlatforms) = preSolution
		Debug|Any CPU = Debug|Any CPU
		Release|Any CPU = Release|Any CPU
	EndGlobalSection
	GlobalSection(ProjectConfigurationPlatforms) = postSolution
		{6A542117-C1A8-43AD-93E2-5DD42B426C8C}.Debug|Any CPU.ActiveCfg = Debug|Any CPU
		{6A542117-C1A8-43AD-93E2-5DD42B426C8C}.Debug|Any CPU.Build.0 = Debug|Any CPU
		{6A542117-C1A8-43AD-93E2-5DD42B426C8C}.Release|Any CPU.ActiveCfg = Release|Any CPU
		{6A542117-C1A8-43AD-93E2-5DD42B426C8C}.Release|Any CPU.Build.0 = Release|Any CPU
	EndGlobalSection
	GlobalSection(SolutionProperties) = preSolution
		HideSolutionNode = FALSE
	EndGlobalSection
	GlobalSection(ExtensibilityGlobals) = postSolution
		SolutionGuid = {848F8C6B-5EBF-4019-ADD1-0EA3CD89D33D}
	EndGlobalSection
EndGlobal
